
Microsoft Visual Studio Solution File, Format Version 12.00
# Visual Studio 15
Project("{FAE04EC0-301F-11D3-BF4B-00C04F79EFBC}") = "Assembly-CSharp", "Assembly-CSharp.csproj", "{E7533C28-61BF-7F8F-123A-3CA33CD47319}"
EndProject
Project("{FAE04EC0-301F-11D3-BF4B-00C04F79EFBC}") = "NavMeshComponents", "NavMeshComponents.csproj", "{95C85FEC-DDC3-765F-A969-A4EEB9154F4A}"
EndProject
Project("{FAE04EC0-301F-11D3-BF4B-00C04F79EFBC}") = "Assembly-CSharp-Editor", "Assembly-CSharp-Editor.csproj", "{2F89069C-0943-DC64-D0EF-6D55EEBF11D6}"
EndProject
Project("{FAE04EC0-301F-11D3-BF4B-00C04F79EFBC}") = "NavMeshComponentsEditor", "NavMeshComponentsEditor.csproj", "{49D9EE63-2DFF-842D-5E18-ACE24D6BFAC4}"
EndProject
Global
	GlobalSection(SolutionConfigurationPlatforms) = preSolution
		Debug|Any CPU = Debug|Any CPU
		Release|Any CPU = Release|Any CPU
	EndGlobalSection
	GlobalSection(ProjectConfigurationPlatforms) = postSolution
		{E7533C28-61BF-7F8F-123A-3CA33CD47319}.Debug|Any CPU.ActiveCfg = Debug|Any CPU
		{E7533C28-61BF-7F8F-123A-3CA33CD47319}.Debug|Any CPU.Build.0 = Debug|Any CPU
		{E7533C28-61BF-7F8F-123A-3CA33CD47319}.Release|Any CPU.ActiveCfg = Release|Any CPU
		{E7533C28-61BF-7F8F-123A-3CA33CD47319}.Release|Any CPU.Build.0 = Release|Any CPU
		{95C85FEC-DDC3-765F-A969-A4EEB9154F4A}.Debug|Any CPU.ActiveCfg = Debug|Any CPU
		{95C85FEC-DDC3-765F-A969-A4EEB9154F4A}.Debug|Any CPU.Build.0 = Debug|Any CPU
		{95C85FEC-DDC3-765F-A969-A4EEB9154F4A}.Release|Any CPU.ActiveCfg = Release|Any CPU
		{95C85FEC-DDC3-765F-A969-A4EEB9154F4A}.Release|Any CPU.Build.0 = Release|Any CPU
		{2F89069C-0943-DC64-D0EF-6D55EEBF11D6}.Debug|Any CPU.ActiveCfg = Debug|Any CPU
		{2F89069C-0943-DC64-D0EF-6D55EEBF11D6}.Debug|Any CPU.Build.0 = Debug|Any CPU
		{2F89069C-0943-DC64-D0EF-6D55EEBF11D6}.Release|Any CPU.ActiveCfg = Release|Any CPU
		{2F89069C-0943-DC64-D0EF-6D55EEBF11D6}.Release|Any CPU.Build.0 = Release|Any CPU
		{49D9EE63-2DFF-842D-5E18-ACE24D6BFAC4}.Debug|Any CPU.ActiveCfg = Debug|Any CPU
		{49D9EE63-2DFF-842D-5E18-ACE24D6BFAC4}.Debug|Any CPU.Build.0 = Debug|Any CPU
		{49D9EE63-2DFF-842D-5E18-ACE24D6BFAC4}.Release|Any CPU.ActiveCfg = Release|Any CPU
		{49D9EE63-2DFF-842D-5E18-ACE24D6BFAC4}.Release|Any CPU.Build.0 = Release|Any CPU
	EndGlobalSection
	GlobalSection(SolutionProperties) = preSolution
		HideSolutionNode = FALSE
	EndGlobalSection
EndGlobal
